
Microsoft Visual Studio Solution File, Format Version 12.00
# Visual Studio Version 16
VisualStudioVersion = 16.0.31424.327
MinimumVisualStudioVersion = 10.0.40219.1
Project("{F184B08F-C81C-45F6-A57F-5ABD9991F28F}") = "ИндексМассы", "ИндексМассы\ИндексМассы.vbproj", "{C7030F27-023E-463B-904A-D79214FA2C01}"
EndProject
Global
	GlobalSection(SolutionConfigurationPlatforms) = preSolution
		Debug|Any CPU = Debug|Any CPU
		Release|Any CPU = Release|Any CPU
	EndGlobalSection
	GlobalSection(ProjectConfigurationPlatforms) = postSolution
		{C7030F27-023E-463B-904A-D79214FA2C01}.Debug|Any CPU.ActiveCfg = Debug|Any CPU
		{C7030F27-023E-463B-904A-D79214FA2C01}.Debug|Any CPU.Build.0 = Debug|Any CPU
		{C7030F27-023E-463B-904A-D79214FA2C01}.Release|Any CPU.ActiveCfg = Release|Any CPU
		{C7030F27-023E-463B-904A-D79214FA2C01}.Release|Any CPU.Build.0 = Release|Any CPU
	EndGlobalSection
	GlobalSection(SolutionProperties) = preSolution
		HideSolutionNode = FALSE
	EndGlobalSection
	GlobalSection(ExtensibilityGlobals) = postSolution
		SolutionGuid = {B61590E0-A62E-4A7D-A9D3-D08467D28AA2}
	EndGlobalSection
EndGlobal
